
Microsoft Visual Studio Solution File, Format Version 12.00
# Visual Studio Version 16
VisualStudioVersion = 16.0.31129.286
MinimumVisualStudioVersion = 10.0.40219.1
Project("{9A19103F-16F7-4668-BE54-9A1E7A4F7556}") = "HomeSecuritySolution", "HomeSecuritySolution.csproj", "{890B32E3-54BD-43CD-89AA-BA11647C16F0}"
EndProject
Global
	GlobalSection(SolutionConfigurationPlatforms) = preSolution
		Debug|Any CPU = Debug|Any CPU
		Release|Any CPU = Release|Any CPU
	EndGlobalSection
	GlobalSection(ProjectConfigurationPlatforms) = postSolution
		{890B32E3-54BD-43CD-89AA-BA11647C16F0}.Debug|Any CPU.ActiveCfg = Debug|Any CPU
		{890B32E3-54BD-43CD-89AA-BA11647C16F0}.Debug|Any CPU.Build.0 = Debug|Any CPU
		{890B32E3-54BD-43CD-89AA-BA11647C16F0}.Release|Any CPU.ActiveCfg = Release|Any CPU
		{890B32E3-54BD-43CD-89AA-BA11647C16F0}.Release|Any CPU.Build.0 = Release|Any CPU
	EndGlobalSection
	GlobalSection(SolutionProperties) = preSolution
		HideSolutionNode = FALSE
	EndGlobalSection
	GlobalSection(ExtensibilityGlobals) = postSolution
		SolutionGuid = {F2A58E7C-5344-4C7E-B91A-677B033D75CA}
	EndGlobalSection
EndGlobal
